
Microsoft Visual Studio Solution File, Format Version 12.00
# Visual Studio 2017
Project("{FAE04EC0-301F-11D3-BF4B-00C04F79EFBC}") = "Dane's C# practice", "Dane's C# practice.csproj", "{7E072AE4-2CBA-09B6-01D9-FD380D1A3E50}"
EndProject
Global
	GlobalSection(SolutionConfigurationPlatforms) = preSolution
		Debug|Any CPU = Debug|Any CPU
		Release|Any CPU = Release|Any CPU
	EndGlobalSection
	GlobalSection(ProjectConfigurationPlatforms) = postSolution
		{7E072AE4-2CBA-09B6-01D9-FD380D1A3E50}.Debug|Any CPU.ActiveCfg = Debug|Any CPU
		{7E072AE4-2CBA-09B6-01D9-FD380D1A3E50}.Debug|Any CPU.Build.0 = Debug|Any CPU
		{7E072AE4-2CBA-09B6-01D9-FD380D1A3E50}.Release|Any CPU.ActiveCfg = Release|Any CPU
		{7E072AE4-2CBA-09B6-01D9-FD380D1A3E50}.Release|Any CPU.Build.0 = Release|Any CPU
	EndGlobalSection
	GlobalSection(SolutionProperties) = preSolution
		HideSolutionNode = FALSE
	EndGlobalSection
EndGlobal
